PODS:
  - Masonry (1.1.0)
  - MMDrawerController (0.5.7):
    - MMDrawerController/Core (= 0.5.7)
    - MMDrawerController/MMDrawerBarButtonItem (= 0.5.7)
    - MMDrawerController/MMDrawerVisualStates (= 0.5.7)
    - MMDrawerController/Subclass (= 0.5.7)
  - MMDrawerController/Core (0.5.7)
  - MMDrawerController/MMDrawerBarButtonItem (0.5.7):
    - MMDrawerController/Core
  - MMDrawerController/MMDrawerVisualStates (0.5.7):
    - MMDrawerController/Core
  - MMDrawerController/Subclass (0.5.7):
    - MMDrawerController/Core
  - Realm (3.0.0-beta.4):
    - Realm/Headers (= 3.0.0-beta.4)
  - Realm/Headers (3.0.0-beta.4)
  - SVProgressHUD (2.2.1)
  - TYPagerController (2.0.2)
  - YYText (1.0.7)

DEPENDENCIES:
  - Masonry
  - MMDrawerController (~> 0.5.7)
  - Realm (~> 3.0.0-beta.3)
  - SVProgressHUD
  - TYPagerController
  - YYText

SPEC CHECKSUMS:
  Masonry: 678fab65091a9290e40e2832a55e7ab731aad201
  MMDrawerController: 7a4cf8e25596bf2434e03ce50d22a8608ddee6a1
  Realm: 61978a10127ec9a4638f0df4d48a08b5e1ded77e
  SVProgressHUD: db27c54e6e18bc903341661fc9feb55e04905cc4
  TYPagerController: c04d27f46007aefe5055dbe6710fcf7e74da0dc3
  YYText: 5c461d709e24d55a182d1441c41dc639a18a4849

PODFILE CHECKSUM: 8f9e072521be80a88b0419bb9106e3296808dca8

COCOAPODS: 1.3.1
